PODS:
  - Bugly (2.5.90)
  - nuisdk (1.0.1)

DEPENDENCIES:
  - Bugly
  - nuisdk (from `../`)

SPEC REPOS:
  trunk:
    - Bugly

EXTERNAL SOURCES:
  nuisdk:
    :path: "../"

SPEC CHECKSUMS:
  Bugly: 88bc32c0acc6fef7b74d610f0319ee7560d6b9fe
  nuisdk: 057f480c00be137a4b873712a87cebf08dce0786

PODFILE CHECKSUM: 90e95452d66885a8ac93ac8a2204c4378e46d6fd

COCOAPODS: 1.11.2
